
Microsoft Visual Studio Solution File, Format Version 12.00
# Visual Studio Version 17
VisualStudioVersion = 17.1.32228.430
MinimumVisualStudioVersion = 10.0.40219.1
Project("{8BC9CEB8-8B4A-11D0-8D11-00A0C91BC942}") = "Lab8", "Lab8.vcxproj", "{E1D4BFFA-E850-4B37-8EF0-9BBE903A20BB}"
EndProject
Global
	GlobalSection(SolutionConfigurationPlatforms) = preSolution
		Debug|x64 = Debug|x64
		Debug|x86 = Debug|x86
		Release|x64 = Release|x64
		Release|x86 = Release|x86
	EndGlobalSection
	GlobalSection(ProjectConfigurationPlatforms) = postSolution
		{E1D4BFFA-E850-4B37-8EF0-9BBE903A20BB}.Debug|x64.ActiveCfg = Debug|x64
		{E1D4BFFA-E850-4B37-8EF0-9BBE903A20BB}.Debug|x64.Build.0 = Debug|x64
		{E1D4BFFA-E850-4B37-8EF0-9BBE903A20BB}.Debug|x86.ActiveCfg = Debug|Win32
		{E1D4BFFA-E850-4B37-8EF0-9BBE903A20BB}.Debug|x86.Build.0 = Debug|Win32
		{E1D4BFFA-E850-4B37-8EF0-9BBE903A20BB}.Release|x64.ActiveCfg = Release|x64
		{E1D4BFFA-E850-4B37-8EF0-9BBE903A20BB}.Release|x64.Build.0 = Release|x64
		{E1D4BFFA-E850-4B37-8EF0-9BBE903A20BB}.Release|x86.ActiveCfg = Release|Win32
		{E1D4BFFA-E850-4B37-8EF0-9BBE903A20BB}.Release|x86.Build.0 = Release|Win32
	EndGlobalSection
	GlobalSection(SolutionProperties) = preSolution
		HideSolutionNode = FALSE
	EndGlobalSection
	GlobalSection(ExtensibilityGlobals) = postSolution
		SolutionGuid = {58DD67B2-5BF7-4B29-8BB4-12BE56C0C3D2}
	EndGlobalSection
EndGlobal
