
Microsoft Visual Studio Solution File, Format Version 12.00
# Visual Studio Version 17
VisualStudioVersion = 17.0.32126.317
MinimumVisualStudioVersion = 10.0.40219.1
Project("{8BC9CEB8-8B4A-11D0-8D11-00A0C91BC942}") = "Lab4", "Lab4.vcxproj", "{D9C6E21E-1B20-44BA-A287-EDBB68E7338B}"
EndProject
Global
	GlobalSection(SolutionConfigurationPlatforms) = preSolution
		Debug|x64 = Debug|x64
		Debug|x86 = Debug|x86
		Release|x64 = Release|x64
		Release|x86 = Release|x86
	EndGlobalSection
	GlobalSection(ProjectConfigurationPlatforms) = postSolution
		{D9C6E21E-1B20-44BA-A287-EDBB68E7338B}.Debug|x64.ActiveCfg = Debug|x64
		{D9C6E21E-1B20-44BA-A287-EDBB68E7338B}.Debug|x64.Build.0 = Debug|x64
		{D9C6E21E-1B20-44BA-A287-EDBB68E7338B}.Debug|x86.ActiveCfg = Debug|Win32
		{D9C6E21E-1B20-44BA-A287-EDBB68E7338B}.Debug|x86.Build.0 = Debug|Win32
		{D9C6E21E-1B20-44BA-A287-EDBB68E7338B}.Release|x64.ActiveCfg = Release|x64
		{D9C6E21E-1B20-44BA-A287-EDBB68E7338B}.Release|x64.Build.0 = Release|x64
		{D9C6E21E-1B20-44BA-A287-EDBB68E7338B}.Release|x86.ActiveCfg = Release|Win32
		{D9C6E21E-1B20-44BA-A287-EDBB68E7338B}.Release|x86.Build.0 = Release|Win32
	EndGlobalSection
	GlobalSection(SolutionProperties) = preSolution
		HideSolutionNode = FALSE
	EndGlobalSection
	GlobalSection(ExtensibilityGlobals) = postSolution
		SolutionGuid = {7F90D1E9-5E18-495E-873B-74D1007C64CF}
	EndGlobalSection
EndGlobal
